// !$*UTF8*$!
{
	archiveVersion = 1;
	classes = {
	};
	objectVersion = 50;
	objects = {

/* Begin PBXBuildFile section */
		1F49C04E8B3EAD8403EC6771 /* Pods_StoryBoardApp.framework in Frameworks */ = {isa = PBXBuildFile; fileRef = 7594D85A84FAFB6B88D1B76E /* Pods_StoryBoardApp.framework */; };
		E40C516C22634E24009FCB8D /* AppDelegate.swift in Sources */ = {isa = PBXBuildFile; fileRef = E40C516B22634E24009FCB8D /* AppDelegate.swift */; };
		E40C516E22634E24009FCB8D /* FlowVC.swift in Sources */ = {isa = PBXBuildFile; fileRef = E40C516D22634E24009FCB8D /* FlowVC.swift */; };
		E40C517022634E24009FCB8D /* UploadVC.swift in Sources */ = {isa = PBXBuildFile; fileRef = E40C516F22634E24009FCB8D /* UploadVC.swift */; };
		E40C517322634E24009FCB8D /* Main.storyboard in Resources */ = {isa = PBXBuildFile; fileRef = E40C517122634E24009FCB8D /* Main.storyboard */; };
		E40C517522634E26009FCB8D /* Assets.xcassets in Resources */ = {isa = PBXBuildFile; fileRef = E40C517422634E26009FCB8D /* Assets.xcassets */; };
		E40C517822634E26009FCB8D /* LaunchScreen.storyboard in Resources */ = {isa = PBXBuildFile; fileRef = E40C517622634E26009FCB8D /* LaunchScreen.storyboard */; };
		E40C51802263511A009FCB8D /* SigninVC.swift in Sources */ = {isa = PBXBuildFile; fileRef = E40C517F2263511A009FCB8D /* SigninVC.swift */; };
		E40C51822263757F009FCB8D /* GoogleService-Info.plist in Resources */ = {isa = PBXBuildFile; fileRef = E40C51812263757F009FCB8D /* GoogleService-Info.plist */; };
		E43003F4226788A400719211 /* selectimage.png in Resources */ = {isa = PBXBuildFile; fileRef = E43003F3226788A400719211 /* selectimage.png */; };
		E473C51B226AED5E00C2F1EF /* FlowTVCell.swift in Sources */ = {isa = PBXBuildFile; fileRef = E473C51A226AED5E00C2F1EF /* FlowTVCell.swift */; };
/* End PBXBuildFile section */

/* Begin PBXFileReference section */
		7594D85A84FAFB6B88D1B76E /* Pods_StoryBoardApp.framework */ = {isa = PBXFileReference; explicitFileType = wrapper.framework; includeInIndex = 0; path = Pods_StoryBoardApp.framework; sourceTree = BUILT_PRODUCTS_DIR; };
		97656B34673CB2F7F9E52CF3 /* Pods-StoryBoardApp.debug.xcconfig */ = {isa = PBXFileReference; includeInIndex = 1; lastKnownFileType = text.xcconfig; name = "Pods-StoryBoardApp.debug.xcconfig"; path = "Target Support Files/Pods-StoryBoardApp/Pods-StoryBoardApp.debug.xcconfig"; sourceTree = "<group>"; };
		BA89E1D942D037D2C6A023D4 /* Pods-StoryBoardApp.release.xcconfig */ = {isa = PBXFileReference; includeInIndex = 1; lastKnownFileType = text.xcconfig; name = "Pods-StoryBoardApp.release.xcconfig"; path = "Target Support Files/Pods-StoryBoardApp/Pods-StoryBoardApp.release.xcconfig"; sourceTree = "<group>"; };
		E40C516822634E24009FCB8D /* StoryBoardApp.app */ = {isa = PBXFileReference; explicitFileType = wrapper.application; includeInIndex = 0; path = StoryBoardApp.app; sourceTree = BUILT_PRODUCTS_DIR; };
		E40C516B22634E24009FCB8D /* AppDelegate.swift */ = {isa = PBXFileReference; lastKnownFileType = sourcecode.swift; path = AppDelegate.swift; sourceTree = "<group>"; };
		E40C516D22634E24009FCB8D /* FlowVC.swift */ = {isa = PBXFileReference; lastKnownFileType = sourcecode.swift; path = FlowVC.swift; sourceTree = "<group>"; };
		E40C516F22634E24009FCB8D /* UploadVC.swift */ = {isa = PBXFileReference; lastKnownFileType = sourcecode.swift; path = UploadVC.swift; sourceTree = "<group>"; };
		E40C517222634E24009FCB8D /* Base */ = {isa = PBXFileReference; lastKnownFileType = file.storyboard; name = Base; path = Base.lproj/Main.storyboard; sourceTree = "<group>"; };
		E40C517422634E26009FCB8D /* Assets.xcassets */ = {isa = PBXFileReference; lastKnownFileType = folder.assetcatalog; path = Assets.xcassets; sourceTree = "<group>"; };
		E40C517722634E26009FCB8D /* Base */ = {isa = PBXFileReference; lastKnownFileType = file.storyboard; name = Base; path = Base.lproj/LaunchScreen.storyboard; sourceTree = "<group>"; };
		E40C517922634E26009FCB8D /* Info.plist */ = {isa = PBXFileReference; lastKnownFileType = text.plist.xml; path = Info.plist; sourceTree = "<group>"; };
		E40C517F2263511A009FCB8D /* SigninVC.swift */ = {isa = PBXFileReference; lastKnownFileType = sourcecode.swift; path = SigninVC.swift; sourceTree = "<group>"; };
		E40C51812263757F009FCB8D /* GoogleService-Info.plist */ = {isa = PBXFileReference; fileEncoding = 4; lastKnownFileType = text.plist.xml; path = "GoogleService-Info.plist"; sourceTree = "<group>"; };
		E43003F3226788A400719211 /* selectimage.png */ = {isa = PBXFileReference; lastKnownFileType = image.png; path = selectimage.png; sourceTree = "<group>"; };
		E473C51A226AED5E00C2F1EF /* FlowTVCell.swift */ = {isa = PBXFileReference; lastKnownFileType = sourcecode.swift; path = FlowTVCell.swift; sourceTree = "<group>"; };
/* End PBXFileReference section */

/* Begin PBXFrameworksBuildPhase section */
		E40C516522634E24009FCB8D /* Frameworks */ = {
			isa = PBXFrameworksBuildPhase;
			buildActionMask = 2147483647;
			files = (
				1F49C04E8B3EAD8403EC6771 /* Pods_StoryBoardApp.framework in Frameworks */,
			);
			runOnlyForDeploymentPostprocessing = 0;
		};
/* End PBXFrameworksBuildPhase section */

/* Begin PBXGroup section */
		5CEBD594D27AECA3BFFBD2C1 /* Pods */ = {
			isa = PBXGroup;
			children = (
				97656B34673CB2F7F9E52CF3 /* Pods-StoryBoardApp.debug.xcconfig */,
				BA89E1D942D037D2C6A023D4 /* Pods-StoryBoardApp.release.xcconfig */,
			);
			path = Pods;
			sourceTree = "<group>";
		};
		B9B33331909F961880F8C394 /* Frameworks */ = {
			isa = PBXGroup;
			children = (
				7594D85A84FAFB6B88D1B76E /* Pods_StoryBoardApp.framework */,
			);
			name = Frameworks;
			sourceTree = "<group>";
		};
		E40C515F22634E24009FCB8D = {
			isa = PBXGroup;
			children = (
				E40C516A22634E24009FCB8D /* StoryBoardApp */,
				E40C516922634E24009FCB8D /* Products */,
				5CEBD594D27AECA3BFFBD2C1 /* Pods */,
				B9B33331909F961880F8C394 /* Frameworks */,
			);
			sourceTree = "<group>";
		};
		E40C516922634E24009FCB8D /* Products */ = {
			isa = PBXGroup;
			children = (
				E40C516822634E24009FCB8D /* StoryBoardApp.app */,
			);
			name = Products;
			sourceTree = "<group>";
		};
		E40C516A22634E24009FCB8D /* StoryBoardApp */ = {
			isa = PBXGroup;
			children = (
				E43003F3226788A400719211 /* selectimage.png */,
				E40C516B22634E24009FCB8D /* AppDelegate.swift */,
				E40C517F2263511A009FCB8D /* SigninVC.swift */,
				E40C516D22634E24009FCB8D /* FlowVC.swift */,
				E473C51A226AED5E00C2F1EF /* FlowTVCell.swift */,
				E40C516F22634E24009FCB8D /* UploadVC.swift */,
				E40C517122634E24009FCB8D /* Main.storyboard */,
				E40C517422634E26009FCB8D /* Assets.xcassets */,
				E40C517622634E26009FCB8D /* LaunchScreen.storyboard */,
				E40C517922634E26009FCB8D /* Info.plist */,
				E40C51812263757F009FCB8D /* GoogleService-Info.plist */,
			);
			path = StoryBoardApp;
			sourceTree = "<group>";
		};
/* End PBXGroup section */

/* Begin PBXNativeTarget section */
		E40C516722634E24009FCB8D /* StoryBoardApp */ = {
			isa = PBXNativeTarget;
			buildConfigurationList = E40C517C22634E26009FCB8D /* Build configuration list for PBXNativeTarget "StoryBoardApp" */;
			buildPhases = (
				3C71B9584774846EC9E6A9E5 /* [CP] Check Pods Manifest.lock */,
				E40C516422634E24009FCB8D /* Sources */,
				E40C516522634E24009FCB8D /* Frameworks */,
				E40C516622634E24009FCB8D /* Resources */,
				F1491CC4A86D099D684E3DA9 /* [CP] Embed Pods Frameworks */,
			);
			buildRules = (
			);
			dependencies = (
			);
			name = StoryBoardApp;
			productName = StoryBoardApp;
			productReference = E40C516822634E24009FCB8D /* StoryBoardApp.app */;
			productType = "com.apple.product-type.application";
		};
/* End PBXNativeTarget section */

/* Begin PBXProject section */
		E40C516022634E24009FCB8D /* Project object */ = {
			isa = PBXProject;
			attributes = {
				LastSwiftUpdateCheck = 1010;
				LastUpgradeCheck = 1010;
				ORGANIZATIONNAME = "Hakan Albay";
				TargetAttributes = {
					E40C516722634E24009FCB8D = {
						CreatedOnToolsVersion = 10.1;
					};
				};
			};
			buildConfigurationList = E40C516322634E24009FCB8D /* Build configuration list for PBXProject "StoryBoardApp" */;
			compatibilityVersion = "Xcode 9.3";
			developmentRegion = en;
			hasScannedForEncodings = 0;
			knownRegions = (
				en,
				Base,
			);
			mainGroup = E40C515F22634E24009FCB8D;
			productRefGroup = E40C516922634E24009FCB8D /* Products */;
			projectDirPath = "";
			projectRoot = "";
			targets = (
				E40C516722634E24009FCB8D /* StoryBoardApp */,
			);
		};
/* End PBXProject section */

/* Begin PBXResourcesBuildPhase section */
		E40C516622634E24009FCB8D /* Resources */ = {
			isa = PBXResourcesBuildPhase;
			buildActionMask = 2147483647;
			files = (
				E40C517822634E26009FCB8D /* LaunchScreen.storyboard in Resources */,
				E40C51822263757F009FCB8D /* GoogleService-Info.plist in Resources */,
				E40C517522634E26009FCB8D /* Assets.xcassets in Resources */,
				E40C517322634E24009FCB8D /* Main.storyboard in Resources */,
				E43003F4226788A400719211 /* selectimage.png in Resources */,
			);
			runOnlyForDeploymentPostprocessing = 0;
		};
/* End PBXResourcesBuildPhase section */

/* Begin PBXShellScriptBuildPhase section */
		3C71B9584774846EC9E6A9E5 /* [CP] Check Pods Manifest.lock */ = {
			isa = PBXShellScriptBuildPhase;
			buildActionMask = 2147483647;
			files = (
			);
			inputFileListPaths = (
			);
			inputPaths = (
				"${PODS_PODFILE_DIR_PATH}/Podfile.lock",
				"${PODS_ROOT}/Manifest.lock",
			);
			name = "[CP] Check Pods Manifest.lock";
			outputFileListPaths = (
			);
			outputPaths = (
				"$(DERIVED_FILE_DIR)/Pods-StoryBoardApp-checkManifestLockResult.txt",
			);
			runOnlyForDeploymentPostprocessing = 0;
			shellPath = /bin/sh;
			shellScript = "diff \"${PODS_PODFILE_DIR_PATH}/Podfile.lock\" \"${PODS_ROOT}/Manifest.lock\" > /dev/null\nif [ $? != 0 ] ; then\n    # print error to STDERR\n    echo \"error: The sandbox is not in sync with the Podfile.lock. Run 'pod install' or update your CocoaPods installation.\" >&2\n    exit 1\nfi\n# This output is used by Xcode 'outputs' to avoid re-running this script phase.\necho \"SUCCESS\" > \"${SCRIPT_OUTPUT_FILE_0}\"\n";
			showEnvVarsInLog = 0;
		};
		F1491CC4A86D099D684E3DA9 /* [CP] Embed Pods Frameworks */ = {
			isa = PBXShellScriptBuildPhase;
			buildActionMask = 2147483647;
			files = (
			);
			inputFileListPaths = (
			);
			inputPaths = (
				"${PODS_ROOT}/Target Support Files/Pods-StoryBoardApp/Pods-StoryBoardApp-frameworks.sh",
				"${BUILT_PRODUCTS_DIR}/GTMSessionFetcher/GTMSessionFetcher.framework",
				"${BUILT_PRODUCTS_DIR}/GoogleUtilities/GoogleUtilities.framework",
				"${BUILT_PRODUCTS_DIR}/leveldb-library/leveldb.framework",
				"${BUILT_PRODUCTS_DIR}/nanopb/nanopb.framework",
			);
			name = "[CP] Embed Pods Frameworks";
			outputFileListPaths = (
			);
			outputPaths = (
				"${TARGET_BUILD_DIR}/${FRAMEWORKS_FOLDER_PATH}/GTMSessionFetcher.framework",
				"${TARGET_BUILD_DIR}/${FRAMEWORKS_FOLDER_PATH}/GoogleUtilities.framework",
				"${TARGET_BUILD_DIR}/${FRAMEWORKS_FOLDER_PATH}/leveldb.framework",
				"${TARGET_BUILD_DIR}/${FRAMEWORKS_FOLDER_PATH}/nanopb.framework",
			);
			runOnlyForDeploymentPostprocessing = 0;
			shellPath = /bin/sh;
			shellScript = "\"${PODS_ROOT}/Target Support Files/Pods-StoryBoardApp/Pods-StoryBoardApp-frameworks.sh\"\n";
			showEnvVarsInLog = 0;
		};
/* End PBXShellScriptBuildPhase section */

/* Begin PBXSourcesBuildPhase section */
		E40C516422634E24009FCB8D /* Sources */ = {
			isa = PBXSourcesBuildPhase;
			buildActionMask = 2147483647;
			files = (
				E473C51B226AED5E00C2F1EF /* FlowTVCell.swift in Sources */,
				E40C517022634E24009FCB8D /* UploadVC.swift in Sources */,
				E40C516C22634E24009FCB8D /* AppDelegate.swift in Sources */,
				E40C51802263511A009FCB8D /* SigninVC.swift in Sources */,
				E40C516E22634E24009FCB8D /* FlowVC.swift in Sources */,
			);
			runOnlyForDeploymentPostprocessing = 0;
		};
/* End PBXSourcesBuildPhase section */

/* Begin PBXVariantGroup section */
		E40C517122634E24009FCB8D /* Main.storyboard */ = {
			isa = PBXVariantGroup;
			children = (
				E40C517222634E24009FCB8D /* Base */,
			);
			name = Main.storyboard;
			sourceTree = "<group>";
		};
		E40C517622634E26009FCB8D /* LaunchScreen.storyboard */ = {
			isa = PBXVariantGroup;
			children = (
				E40C517722634E26009FCB8D /* Base */,
			);
			name = LaunchScreen.storyboard;
			sourceTree = "<group>";
		};
/* End PBXVariantGroup section */

/* Begin XCBuildConfiguration section */
		E40C517A22634E26009FCB8D /* Debug */ = {
			isa = XCBuildConfiguration;
			buildSettings = {
				ALWAYS_SEARCH_USER_PATHS = NO;
				CLANG_ANALYZER_NONNULL = YES;
				CLANG_ANALYZER_NUMBER_OBJECT_CONVERSION = YES_AGGRESSIVE;
				CLANG_CXX_LANGUAGE_STANDARD = "gnu++14";
				CLANG_CXX_LIBRARY = "libc++";
				CLANG_ENABLE_MODULES = YES;
				CLANG_ENABLE_OBJC_ARC = YES;
				CLANG_ENABLE_OBJC_WEAK = YES;
				CLANG_WARN_BLOCK_CAPTURE_AUTORELEASING = YES;
				CLANG_WARN_BOOL_CONVERSION = YES;
				CLANG_WARN_COMMA = YES;
				CLANG_WARN_CONSTANT_CONVERSION = YES;
				CLANG_WARN_DEPRECATED_OBJC_IMPLEMENTATIONS = YES;
				CLANG_WARN_DIRECT_OBJC_ISA_USAGE = YES_ERROR;
				CLANG_WARN_DOCUMENTATION_COMMENTS = YES;
				CLANG_WARN_EMPTY_BODY = YES;
				CLANG_WARN_ENUM_CONVERSION = YES;
				CLANG_WARN_INFINITE_RECURSION = YES;
				CLANG_WARN_INT_CONVERSION = YES;
				CLANG_WARN_NON_LITERAL_NULL_CONVERSION = YES;
				CLANG_WARN_OBJC_IMPLICIT_RETAIN_SELF = YES;
				CLANG_WARN_OBJC_LITERAL_CONVERSION = YES;
				CLANG_WARN_OBJC_ROOT_CLASS = YES_ERROR;
				CLANG_WARN_RANGE_LOOP_ANALYSIS = YES;
				CLANG_WARN_STRICT_PROTOTYPES = YES;
				CLANG_WARN_SUSPICIOUS_MOVE = YES;
				CLANG_WARN_UNGUARDED_AVAILABILITY = YES_AGGRESSIVE;
				CLANG_WARN_UNREACHABLE_CODE = YES;
				CLANG_WARN__DUPLICATE_METHOD_MATCH = YES;
				CODE_SIGN_IDENTITY = "iPhone Developer";
				COPY_PHASE_STRIP = NO;
				DEBUG_INFORMATION_FORMAT = dwarf;
				ENABLE_STRICT_OBJC_MSGSEND = YES;
				ENABLE_TESTABILITY = YES;
				GCC_C_LANGUAGE_STANDARD = gnu11;
				GCC_DYNAMIC_NO_PIC = NO;
				GCC_NO_COMMON_BLOCKS = YES;
				GCC_OPTIMIZATION_LEVEL = 0;
				GCC_PREPROCESSOR_DEFINITIONS = (
					"DEBUG=1",
					"$(inherited)",
				);
				GCC_WARN_64_TO_32_BIT_CONVERSION = YES;
				GCC_WARN_ABOUT_RETURN_TYPE = YES_ERROR;
				GCC_WARN_UNDECLARED_SELECTOR = YES;
				GCC_WARN_UNINITIALIZED_AUTOS = YES_AGGRESSIVE;
				GCC_WARN_UNUSED_FUNCTION = YES;
				GCC_WARN_UNUSED_VARIABLE = YES;
				IPHONEOS_DEPLOYMENT_TARGET = 12.1;
				MTL_ENABLE_DEBUG_INFO = INCLUDE_SOURCE;
				MTL_FAST_MATH = YES;
				ONLY_ACTIVE_ARCH = YES;
				SDKROOT = iphoneos;
				SWIFT_ACTIVE_COMPILATION_CONDITIONS = DEBUG;
				SWIFT_OPTIMIZATION_LEVEL = "-Onone";
			};
			name = Debug;
		};
		E40C517B22634E26009FCB8D /* Release */ = {
			isa = XCBuildConfiguration;
			buildSettings = {
				ALWAYS_SEARCH_USER_PATHS = NO;
				CLANG_ANALYZER_NONNULL = YES;
				CLANG_ANALYZER_NUMBER_OBJECT_CONVERSION = YES_AGGRESSIVE;
				CLANG_CXX_LANGUAGE_STANDARD = "gnu++14";
				CLANG_CXX_LIBRARY = "libc++";
				CLANG_ENABLE_MODULES = YES;
				CLANG_ENABLE_OBJC_ARC = YES;
				CLANG_ENABLE_OBJC_WEAK = YES;
				CLANG_WARN_BLOCK_CAPTURE_AUTORELEASING = YES;
				CLANG_WARN_BOOL_CONVERSION = YES;
				CLANG_WARN_COMMA = YES;
				CLANG_WARN_CONSTANT_CONVERSION = YES;
				CLANG_WARN_DEPRECATED_OBJC_IMPLEMENTATIONS = YES;
				CLANG_WARN_DIRECT_OBJC_ISA_USAGE = YES_ERROR;
				CLANG_WARN_DOCUMENTATION_COMMENTS = YES;
				CLANG_WARN_EMPTY_BODY = YES;
				CLANG_WARN_ENUM_CONVERSION = YES;
				CLANG_WARN_INFINITE_RECURSION = YES;
				CLANG_WARN_INT_CONVERSION = YES;
				CLANG_WARN_NON_LITERAL_NULL_CONVERSION = YES;
				CLANG_WARN_OBJC_IMPLICIT_RETAIN_SELF = YES;
				CLANG_WARN_OBJC_LITERAL_CONVERSION = YES;
				CLANG_WARN_OBJC_ROOT_CLASS = YES_ERROR;
				CLANG_WARN_RANGE_LOOP_ANALYSIS = YES;
				CLANG_WARN_STRICT_PROTOTYPES = YES;
				CLANG_WARN_SUSPICIOUS_MOVE = YES;
				CLANG_WARN_UNGUARDED_AVAILABILITY = YES_AGGRESSIVE;
				CLANG_WARN_UNREACHABLE_CODE = YES;
				CLANG_WARN__DUPLICATE_METHOD_MATCH = YES;
				CODE_SIGN_IDENTITY = "iPhone Developer";
				COPY_PHASE_STRIP = NO;
				DEBUG_INFORMATION_FORMAT = "dwarf-with-dsym";
				ENABLE_NS_ASSERTIONS = NO;
				ENABLE_STRICT_OBJC_MSGSEND = YES;
				GCC_C_LANGUAGE_STANDARD = gnu11;
				GCC_NO_COMMON_BLOCKS = YES;
				GCC_WARN_64_TO_32_BIT_CONVERSION = YES;
				GCC_WARN_ABOUT_RETURN_TYPE = YES_ERROR;
				GCC_WARN_UNDECLARED_SELECTOR = YES;
				GCC_WARN_UNINITIALIZED_AUTOS = YES_AGGRESSIVE;
				GCC_WARN_UNUSED_FUNCTION = YES;
				GCC_WARN_UNUSED_VARIABLE = YES;
				IPHONEOS_DEPLOYMENT_TARGET = 12.1;
				MTL_ENABLE_DEBUG_INFO = NO;
				MTL_FAST_MATH = YES;
				SDKROOT = iphoneos;
				SWIFT_COMPILATION_MODE = wholemodule;
				SWIFT_OPTIMIZATION_LEVEL = "-O";
				VALIDATE_PRODUCT = YES;
			};
			name = Release;
		};
		E40C517D22634E26009FCB8D /* Debug */ = {
			isa = XCBuildConfiguration;
			baseConfigurationReference = 97656B34673CB2F7F9E52CF3 /* Pods-StoryBoardApp.debug.xcconfig */;
			buildSettings = {
				ASSETCATALOG_COMPILER_APPICON_NAME = AppIcon;
				CODE_SIGN_STYLE = Automatic;
				DEVELOPMENT_TEAM = 4JJSL5HC93;
				INFOPLIST_FILE = StoryBoardApp/Info.plist;
				LD_RUNPATH_SEARCH_PATHS = (
					"$(inherited)",
					"@executable_path/Frameworks",
				);
				PRODUCT_BUNDLE_IDENTIFIER = "H-App.StoryBoardApp";
				PRODUCT_NAME = "$(TARGET_NAME)";
				SWIFT_VERSION = 4.2;
				TARGETED_DEVICE_FAMILY = "1,2";
			};
			name = Debug;
		};
		E40C517E22634E26009FCB8D /* Release */ = {
			isa = XCBuildConfiguration;
			baseConfigurationReference = BA89E1D942D037D2C6A023D4 /* Pods-StoryBoardApp.release.xcconfig */;
			buildSettings = {
				ASSETCATALOG_COMPILER_APPICON_NAME = AppIcon;
				CODE_SIGN_STYLE = Automatic;
				DEVELOPMENT_TEAM = 4JJSL5HC93;
				INFOPLIST_FILE = StoryBoardApp/Info.plist;
				LD_RUNPATH_SEARCH_PATHS = (
					"$(inherited)",
					"@executable_path/Frameworks",
				);
				PRODUCT_BUNDLE_IDENTIFIER = "H-App.StoryBoardApp";
				PRODUCT_NAME = "$(TARGET_NAME)";
				SWIFT_VERSION = 4.2;
				TARGETED_DEVICE_FAMILY = "1,2";
			};
			name = Release;
		};
/* End XCBuildConfiguration section */

/* Begin XCConfigurationList section */
		E40C516322634E24009FCB8D /* Build configuration list for PBXProject "StoryBoardApp" */ = {
			isa = XCConfigurationList;
			buildConfigurations = (
				E40C517A22634E26009FCB8D /* Debug */,
				E40C517B22634E26009FCB8D /* Release */,
			);
			defaultConfigurationIsVisible = 0;
			defaultConfigurationName = Release;
		};
		E40C517C22634E26009FCB8D /* Build configuration list for PBXNativeTarget "StoryBoardApp" */ = {
			isa = XCConfigurationList;
			buildConfigurations = (
				E40C517D22634E26009FCB8D /* Debug */,
				E40C517E22634E26009FCB8D /* Release */,
			);
			defaultConfigurationIsVisible = 0;
			defaultConfigurationName = Release;
		};
/* End XCConfigurationList section */
	};
	rootObject = E40C516022634E24009FCB8D /* Project object */;
}
