// !$*UTF8*$!
{
	archiveVersion = 1;
	classes = {
	};
	objectVersion = 50;
	objects = {

/* Begin PBXBuildFile section */
		E4067801226CA23600CEFFCF /* AppDelegate.swift in Sources */ = {isa = PBXBuildFile; fileRef = E4067800226CA23600CEFFCF /* AppDelegate.swift */; };
		E4067803226CA23600CEFFCF /* ViewController.swift in Sources */ = {isa = PBXBuildFile; fileRef = E4067802226CA23600CEFFCF /* ViewController.swift */; };
		E4067806226CA23600CEFFCF /* Main.storyboard in Resources */ = {isa = PBXBuildFile; fileRef = E4067804226CA23600CEFFCF /* Main.storyboard */; };
		E4067808226CA23800CEFFCF /* Assets.xcassets in Resources */ = {isa = PBXBuildFile; fileRef = E4067807226CA23800CEFFCF /* Assets.xcassets */; };
		E406780B226CA23800CEFFCF /* LaunchScreen.storyboard in Resources */ = {isa = PBXBuildFile; fileRef = E4067809226CA23800CEFFCF /* LaunchScreen.storyboard */; };
		E4067813226CA29700CEFFCF /* LeylaileMecnun.jpg in Resources */ = {isa = PBXBuildFile; fileRef = E4067812226CA29700CEFFCF /* LeylaileMecnun.jpg */; };
/* End PBXBuildFile section */

/* Begin PBXFileReference section */
		E40677FD226CA23600CEFFCF /* Leyla&Mecnun.app */ = {isa = PBXFileReference; explicitFileType = wrapper.application; includeInIndex = 0; path = "Leyla&Mecnun.app"; sourceTree = BUILT_PRODUCTS_DIR; };
		E4067800226CA23600CEFFCF /* AppDelegate.swift */ = {isa = PBXFileReference; lastKnownFileType = sourcecode.swift; path = AppDelegate.swift; sourceTree = "<group>"; };
		E4067802226CA23600CEFFCF /* ViewController.swift */ = {isa = PBXFileReference; lastKnownFileType = sourcecode.swift; path = ViewController.swift; sourceTree = "<group>"; };
		E4067805226CA23600CEFFCF /* Base */ = {isa = PBXFileReference; lastKnownFileType = file.storyboard; name = Base; path = Base.lproj/Main.storyboard; sourceTree = "<group>"; };
		E4067807226CA23800CEFFCF /* Assets.xcassets */ = {isa = PBXFileReference; lastKnownFileType = folder.assetcatalog; path = Assets.xcassets; sourceTree = "<group>"; };
		E406780A226CA23800CEFFCF /* Base */ = {isa = PBXFileReference; lastKnownFileType = file.storyboard; name = Base; path = Base.lproj/LaunchScreen.storyboard; sourceTree = "<group>"; };
		E406780C226CA23800CEFFCF /* Info.plist */ = {isa = PBXFileReference; lastKnownFileType = text.plist.xml; path = Info.plist; sourceTree = "<group>"; };
		E4067812226CA29700CEFFCF /* LeylaileMecnun.jpg */ = {isa = PBXFileReference; lastKnownFileType = image.jpeg; path = LeylaileMecnun.jpg; sourceTree = "<group>"; };
/* End PBXFileReference section */

/* Begin PBXFrameworksBuildPhase section */
		E40677FA226CA23600CEFFCF /* Frameworks */ = {
			isa = PBXFrameworksBuildPhase;
			buildActionMask = 2147483647;
			files = (
			);
			runOnlyForDeploymentPostprocessing = 0;
		};
/* End PBXFrameworksBuildPhase section */

/* Begin PBXGroup section */
		E40677F4226CA23600CEFFCF = {
			isa = PBXGroup;
			children = (
				E40677FF226CA23600CEFFCF /* Leyla&Mecnun */,
				E40677FE226CA23600CEFFCF /* Products */,
			);
			sourceTree = "<group>";
		};
		E40677FE226CA23600CEFFCF /* Products */ = {
			isa = PBXGroup;
			children = (
				E40677FD226CA23600CEFFCF /* Leyla&Mecnun.app */,
			);
			name = Products;
			sourceTree = "<group>";
		};
		E40677FF226CA23600CEFFCF /* Leyla&Mecnun */ = {
			isa = PBXGroup;
			children = (
				E4067812226CA29700CEFFCF /* LeylaileMecnun.jpg */,
				E4067800226CA23600CEFFCF /* AppDelegate.swift */,
				E4067802226CA23600CEFFCF /* ViewController.swift */,
				E4067804226CA23600CEFFCF /* Main.storyboard */,
				E4067807226CA23800CEFFCF /* Assets.xcassets */,
				E4067809226CA23800CEFFCF /* LaunchScreen.storyboard */,
				E406780C226CA23800CEFFCF /* Info.plist */,
			);
			path = "Leyla&Mecnun";
			sourceTree = "<group>";
		};
/* End PBXGroup section */

/* Begin PBXNativeTarget section */
		E40677FC226CA23600CEFFCF /* Leyla&Mecnun */ = {
			isa = PBXNativeTarget;
			buildConfigurationList = E406780F226CA23800CEFFCF /* Build configuration list for PBXNativeTarget "Leyla&Mecnun" */;
			buildPhases = (
				E40677F9226CA23600CEFFCF /* Sources */,
				E40677FA226CA23600CEFFCF /* Frameworks */,
				E40677FB226CA23600CEFFCF /* Resources */,
			);
			buildRules = (
			);
			dependencies = (
			);
			name = "Leyla&Mecnun";
			productName = "Leyla&Mecnun";
			productReference = E40677FD226CA23600CEFFCF /* Leyla&Mecnun.app */;
			productType = "com.apple.product-type.application";
		};
/* End PBXNativeTarget section */

/* Begin PBXProject section */
		E40677F5226CA23600CEFFCF /* Project object */ = {
			isa = PBXProject;
			attributes = {
				LastSwiftUpdateCheck = 1010;
				LastUpgradeCheck = 1010;
				ORGANIZATIONNAME = "Hakan Albay";
				TargetAttributes = {
					E40677FC226CA23600CEFFCF = {
						CreatedOnToolsVersion = 10.1;
					};
				};
			};
			buildConfigurationList = E40677F8226CA23600CEFFCF /* Build configuration list for PBXProject "Leyla&Mecnun" */;
			compatibilityVersion = "Xcode 9.3";
			developmentRegion = en;
			hasScannedForEncodings = 0;
			knownRegions = (
				en,
				Base,
			);
			mainGroup = E40677F4226CA23600CEFFCF;
			productRefGroup = E40677FE226CA23600CEFFCF /* Products */;
			projectDirPath = "";
			projectRoot = "";
			targets = (
				E40677FC226CA23600CEFFCF /* Leyla&Mecnun */,
			);
		};
/* End PBXProject section */

/* Begin PBXResourcesBuildPhase section */
		E40677FB226CA23600CEFFCF /* Resources */ = {
			isa = PBXResourcesBuildPhase;
			buildActionMask = 2147483647;
			files = (
				E406780B226CA23800CEFFCF /* LaunchScreen.storyboard in Resources */,
				E4067808226CA23800CEFFCF /* Assets.xcassets in Resources */,
				E4067813226CA29700CEFFCF /* LeylaileMecnun.jpg in Resources */,
				E4067806226CA23600CEFFCF /* Main.storyboard in Resources */,
			);
			runOnlyForDeploymentPostprocessing = 0;
		};
/* End PBXResourcesBuildPhase section */

/* Begin PBXSourcesBuildPhase section */
		E40677F9226CA23600CEFFCF /* Sources */ = {
			isa = PBXSourcesBuildPhase;
			buildActionMask = 2147483647;
			files = (
				E4067803226CA23600CEFFCF /* ViewController.swift in Sources */,
				E4067801226CA23600CEFFCF /* AppDelegate.swift in Sources */,
			);
			runOnlyForDeploymentPostprocessing = 0;
		};
/* End PBXSourcesBuildPhase section */

/* Begin PBXVariantGroup section */
		E4067804226CA23600CEFFCF /* Main.storyboard */ = {
			isa = PBXVariantGroup;
			children = (
				E4067805226CA23600CEFFCF /* Base */,
			);
			name = Main.storyboard;
			sourceTree = "<group>";
		};
		E4067809226CA23800CEFFCF /* LaunchScreen.storyboard */ = {
			isa = PBXVariantGroup;
			children = (
				E406780A226CA23800CEFFCF /* Base */,
			);
			name = LaunchScreen.storyboard;
			sourceTree = "<group>";
		};
/* End PBXVariantGroup section */

/* Begin XCBuildConfiguration section */
		E406780D226CA23800CEFFCF /* Debug */ = {
			isa = XCBuildConfiguration;
			buildSettings = {
				ALWAYS_SEARCH_USER_PATHS = NO;
				CLANG_ANALYZER_NONNULL = YES;
				CLANG_ANALYZER_NUMBER_OBJECT_CONVERSION = YES_AGGRESSIVE;
				CLANG_CXX_LANGUAGE_STANDARD = "gnu++14";
				CLANG_CXX_LIBRARY = "libc++";
				CLANG_ENABLE_MODULES = YES;
				CLANG_ENABLE_OBJC_ARC = YES;
				CLANG_ENABLE_OBJC_WEAK = YES;
				CLANG_WARN_BLOCK_CAPTURE_AUTORELEASING = YES;
				CLANG_WARN_BOOL_CONVERSION = YES;
				CLANG_WARN_COMMA = YES;
				CLANG_WARN_CONSTANT_CONVERSION = YES;
				CLANG_WARN_DEPRECATED_OBJC_IMPLEMENTATIONS = YES;
				CLANG_WARN_DIRECT_OBJC_ISA_USAGE = YES_ERROR;
				CLANG_WARN_DOCUMENTATION_COMMENTS = YES;
				CLANG_WARN_EMPTY_BODY = YES;
				CLANG_WARN_ENUM_CONVERSION = YES;
				CLANG_WARN_INFINITE_RECURSION = YES;
				CLANG_WARN_INT_CONVERSION = YES;
				CLANG_WARN_NON_LITERAL_NULL_CONVERSION = YES;
				CLANG_WARN_OBJC_IMPLICIT_RETAIN_SELF = YES;
				CLANG_WARN_OBJC_LITERAL_CONVERSION = YES;
				CLANG_WARN_OBJC_ROOT_CLASS = YES_ERROR;
				CLANG_WARN_RANGE_LOOP_ANALYSIS = YES;
				CLANG_WARN_STRICT_PROTOTYPES = YES;
				CLANG_WARN_SUSPICIOUS_MOVE = YES;
				CLANG_WARN_UNGUARDED_AVAILABILITY = YES_AGGRESSIVE;
				CLANG_WARN_UNREACHABLE_CODE = YES;
				CLANG_WARN__DUPLICATE_METHOD_MATCH = YES;
				CODE_SIGN_IDENTITY = "iPhone Developer";
				COPY_PHASE_STRIP = NO;
				DEBUG_INFORMATION_FORMAT = dwarf;
				ENABLE_STRICT_OBJC_MSGSEND = YES;
				ENABLE_TESTABILITY = YES;
				GCC_C_LANGUAGE_STANDARD = gnu11;
				GCC_DYNAMIC_NO_PIC = NO;
				GCC_NO_COMMON_BLOCKS = YES;
				GCC_OPTIMIZATION_LEVEL = 0;
				GCC_PREPROCESSOR_DEFINITIONS = (
					"DEBUG=1",
					"$(inherited)",
				);
				GCC_WARN_64_TO_32_BIT_CONVERSION = YES;
				GCC_WARN_ABOUT_RETURN_TYPE = YES_ERROR;
				GCC_WARN_UNDECLARED_SELECTOR = YES;
				GCC_WARN_UNINITIALIZED_AUTOS = YES_AGGRESSIVE;
				GCC_WARN_UNUSED_FUNCTION = YES;
				GCC_WARN_UNUSED_VARIABLE = YES;
				IPHONEOS_DEPLOYMENT_TARGET = 12.1;
				MTL_ENABLE_DEBUG_INFO = INCLUDE_SOURCE;
				MTL_FAST_MATH = YES;
				ONLY_ACTIVE_ARCH = YES;
				SDKROOT = iphoneos;
				SWIFT_ACTIVE_COMPILATION_CONDITIONS = DEBUG;
				SWIFT_OPTIMIZATION_LEVEL = "-Onone";
			};
			name = Debug;
		};
		E406780E226CA23800CEFFCF /* Release */ = {
			isa = XCBuildConfiguration;
			buildSettings = {
				ALWAYS_SEARCH_USER_PATHS = NO;
				CLANG_ANALYZER_NONNULL = YES;
				CLANG_ANALYZER_NUMBER_OBJECT_CONVERSION = YES_AGGRESSIVE;
				CLANG_CXX_LANGUAGE_STANDARD = "gnu++14";
				CLANG_CXX_LIBRARY = "libc++";
				CLANG_ENABLE_MODULES = YES;
				CLANG_ENABLE_OBJC_ARC = YES;
				CLANG_ENABLE_OBJC_WEAK = YES;
				CLANG_WARN_BLOCK_CAPTURE_AUTORELEASING = YES;
				CLANG_WARN_BOOL_CONVERSION = YES;
				CLANG_WARN_COMMA = YES;
				CLANG_WARN_CONSTANT_CONVERSION = YES;
				CLANG_WARN_DEPRECATED_OBJC_IMPLEMENTATIONS = YES;
				CLANG_WARN_DIRECT_OBJC_ISA_USAGE = YES_ERROR;
				CLANG_WARN_DOCUMENTATION_COMMENTS = YES;
				CLANG_WARN_EMPTY_BODY = YES;
				CLANG_WARN_ENUM_CONVERSION = YES;
				CLANG_WARN_INFINITE_RECURSION = YES;
				CLANG_WARN_INT_CONVERSION = YES;
				CLANG_WARN_NON_LITERAL_NULL_CONVERSION = YES;
				CLANG_WARN_OBJC_IMPLICIT_RETAIN_SELF = YES;
				CLANG_WARN_OBJC_LITERAL_CONVERSION = YES;
				CLANG_WARN_OBJC_ROOT_CLASS = YES_ERROR;
				CLANG_WARN_RANGE_LOOP_ANALYSIS = YES;
				CLANG_WARN_STRICT_PROTOTYPES = YES;
				CLANG_WARN_SUSPICIOUS_MOVE = YES;
				CLANG_WARN_UNGUARDED_AVAILABILITY = YES_AGGRESSIVE;
				CLANG_WARN_UNREACHABLE_CODE = YES;
				CLANG_WARN__DUPLICATE_METHOD_MATCH = YES;
				CODE_SIGN_IDENTITY = "iPhone Developer";
				COPY_PHASE_STRIP = NO;
				DEBUG_INFORMATION_FORMAT = "dwarf-with-dsym";
				ENABLE_NS_ASSERTIONS = NO;
				ENABLE_STRICT_OBJC_MSGSEND = YES;
				GCC_C_LANGUAGE_STANDARD = gnu11;
				GCC_NO_COMMON_BLOCKS = YES;
				GCC_WARN_64_TO_32_BIT_CONVERSION = YES;
				GCC_WARN_ABOUT_RETURN_TYPE = YES_ERROR;
				GCC_WARN_UNDECLARED_SELECTOR = YES;
				GCC_WARN_UNINITIALIZED_AUTOS = YES_AGGRESSIVE;
				GCC_WARN_UNUSED_FUNCTION = YES;
				GCC_WARN_UNUSED_VARIABLE = YES;
				IPHONEOS_DEPLOYMENT_TARGET = 12.1;
				MTL_ENABLE_DEBUG_INFO = NO;
				MTL_FAST_MATH = YES;
				SDKROOT = iphoneos;
				SWIFT_COMPILATION_MODE = wholemodule;
				SWIFT_OPTIMIZATION_LEVEL = "-O";
				VALIDATE_PRODUCT = YES;
			};
			name = Release;
		};
		E4067810226CA23800CEFFCF /* Debug */ = {
			isa = XCBuildConfiguration;
			buildSettings = {
				ASSETCATALOG_COMPILER_APPICON_NAME = AppIcon;
				CODE_SIGN_STYLE = Automatic;
				DEVELOPMENT_TEAM = 4JJSL5HC93;
				INFOPLIST_FILE = "Leyla&Mecnun/Info.plist";
				LD_RUNPATH_SEARCH_PATHS = (
					"$(inherited)",
					"@executable_path/Frameworks",
				);
				PRODUCT_BUNDLE_IDENTIFIER = "H-App.Leyla-Mecnun";
				PRODUCT_NAME = "$(TARGET_NAME)";
				SWIFT_VERSION = 4.2;
				TARGETED_DEVICE_FAMILY = "1,2";
			};
			name = Debug;
		};
		E4067811226CA23800CEFFCF /* Release */ = {
			isa = XCBuildConfiguration;
			buildSettings = {
				ASSETCATALOG_COMPILER_APPICON_NAME = AppIcon;
				CODE_SIGN_STYLE = Automatic;
				DEVELOPMENT_TEAM = 4JJSL5HC93;
				INFOPLIST_FILE = "Leyla&Mecnun/Info.plist";
				LD_RUNPATH_SEARCH_PATHS = (
					"$(inherited)",
					"@executable_path/Frameworks",
				);
				PRODUCT_BUNDLE_IDENTIFIER = "H-App.Leyla-Mecnun";
				PRODUCT_NAME = "$(TARGET_NAME)";
				SWIFT_VERSION = 4.2;
				TARGETED_DEVICE_FAMILY = "1,2";
			};
			name = Release;
		};
/* End XCBuildConfiguration section */

/* Begin XCConfigurationList section */
		E40677F8226CA23600CEFFCF /* Build configuration list for PBXProject "Leyla&Mecnun" */ = {
			isa = XCConfigurationList;
			buildConfigurations = (
				E406780D226CA23800CEFFCF /* Debug */,
				E406780E226CA23800CEFFCF /* Release */,
			);
			defaultConfigurationIsVisible = 0;
			defaultConfigurationName = Release;
		};
		E406780F226CA23800CEFFCF /* Build configuration list for PBXNativeTarget "Leyla&Mecnun" */ = {
			isa = XCConfigurationList;
			buildConfigurations = (
				E4067810226CA23800CEFFCF /* Debug */,
				E4067811226CA23800CEFFCF /* Release */,
			);
			defaultConfigurationIsVisible = 0;
			defaultConfigurationName = Release;
		};
/* End XCConfigurationList section */
	};
	rootObject = E40677F5226CA23600CEFFCF /* Project object */;
}
